
Microsoft Visual Studio Solution File, Format Version 12.00
# Visual Studio 15
VisualStudioVersion = 15.0.27004.2002
MinimumVisualStudioVersion = 10.0.40219.1
Project("{00D1A9C2-B5F0-4AF3-8072-F6C62B433612}") = "myCLRFunctions", "myCLRFunctions\myCLRFunctions.sqlproj", "{9462C5A0-403B-4E67-9E66-66B56ED8BD0A}"
EndProject
Global
	GlobalSection(SolutionConfigurationPlatforms) = preSolution
		Debug|Any CPU = Debug|Any CPU
		Release|Any CPU = Release|Any CPU
	EndGlobalSection
	GlobalSection(ProjectConfigurationPlatforms) = postSolution
		{9462C5A0-403B-4E67-9E66-66B56ED8BD0A}.Debug|Any CPU.ActiveCfg = Debug|Any CPU
		{9462C5A0-403B-4E67-9E66-66B56ED8BD0A}.Debug|Any CPU.Build.0 = Debug|Any CPU
		{9462C5A0-403B-4E67-9E66-66B56ED8BD0A}.Debug|Any CPU.Deploy.0 = Debug|Any CPU
		{9462C5A0-403B-4E67-9E66-66B56ED8BD0A}.Release|Any CPU.ActiveCfg = Release|Any CPU
		{9462C5A0-403B-4E67-9E66-66B56ED8BD0A}.Release|Any CPU.Build.0 = Release|Any CPU
		{9462C5A0-403B-4E67-9E66-66B56ED8BD0A}.Release|Any CPU.Deploy.0 = Release|Any CPU
	EndGlobalSection
	GlobalSection(SolutionProperties) = preSolution
		HideSolutionNode = FALSE
	EndGlobalSection
	GlobalSection(ExtensibilityGlobals) = postSolution
		SolutionGuid = {789BE649-A53C-44EC-9999-6AE3F99A8EC3}
	EndGlobalSection
EndGlobal
